
Microsoft Visual Studio Solution File, Format Version 12.00
# Visual Studio 15
VisualStudioVersion = 15.0.26403.0
MinimumVisualStudioVersion = 10.0.40219.1
Project("{FAE04EC0-301F-11D3-BF4B-00C04F79EFBC}") = "EF.Core", "EF.Core\EF.Core.csproj", "{F6DB1441-3F63-4C88-A8A1-70117C5A29C4}"
EndProject
Project("{FAE04EC0-301F-11D3-BF4B-00C04F79EFBC}") = "EF.Data", "EF.Data\EF.Data.csproj", "{3DF0DA65-9E4A-4C39-BD40-2FAF38FEDED5}"
EndProject
Project("{FAE04EC0-301F-11D3-BF4B-00C04F79EFBC}") = "EF.Web", "EF.Web\EF.Web.csproj", "{BF3A2DAF-FE33-41C3-A0EA-E99FC50A0E77}"
EndProject
Global
	GlobalSection(SolutionConfigurationPlatforms) = preSolution
		Debug|Any CPU = Debug|Any CPU
		Release|Any CPU = Release|Any CPU
	EndGlobalSection
	GlobalSection(ProjectConfigurationPlatforms) = postSolution
		{F6DB1441-3F63-4C88-A8A1-70117C5A29C4}.Debug|Any CPU.ActiveCfg = Debug|Any CPU
		{F6DB1441-3F63-4C88-A8A1-70117C5A29C4}.Debug|Any CPU.Build.0 = Debug|Any CPU
		{F6DB1441-3F63-4C88-A8A1-70117C5A29C4}.Release|Any CPU.ActiveCfg = Release|Any CPU
		{F6DB1441-3F63-4C88-A8A1-70117C5A29C4}.Release|Any CPU.Build.0 = Release|Any CPU
		{3DF0DA65-9E4A-4C39-BD40-2FAF38FEDED5}.Debug|Any CPU.ActiveCfg = Debug|Any CPU
		{3DF0DA65-9E4A-4C39-BD40-2FAF38FEDED5}.Debug|Any CPU.Build.0 = Debug|Any CPU
		{3DF0DA65-9E4A-4C39-BD40-2FAF38FEDED5}.Release|Any CPU.ActiveCfg = Release|Any CPU
		{3DF0DA65-9E4A-4C39-BD40-2FAF38FEDED5}.Release|Any CPU.Build.0 = Release|Any CPU
		{BF3A2DAF-FE33-41C3-A0EA-E99FC50A0E77}.Debug|Any CPU.ActiveCfg = Debug|Any CPU
		{BF3A2DAF-FE33-41C3-A0EA-E99FC50A0E77}.Debug|Any CPU.Build.0 = Debug|Any CPU
		{BF3A2DAF-FE33-41C3-A0EA-E99FC50A0E77}.Release|Any CPU.ActiveCfg = Release|Any CPU
		{BF3A2DAF-FE33-41C3-A0EA-E99FC50A0E77}.Release|Any CPU.Build.0 = Release|Any CPU
	EndGlobalSection
	GlobalSection(SolutionProperties) = preSolution
		HideSolutionNode = FALSE
	EndGlobalSection
EndGlobal
